
Microsoft Visual Studio Solution File, Format Version 12.00
# Visual Studio Version 17
VisualStudioVersion = 17.0.31903.59
MinimumVisualStudioVersion = 10.0.40219.1
Project("{2150E333-8FDC-42A3-9474-1A3956D46DE8}") = "src", "src", "{827E0CD3-B72D-47B6-A68D-7590B98EB39B}"
EndProject
Project("{FAE04EC0-301F-11D3-BF4B-00C04F79EFBC}") = "TodoApp.Domain", "src\TodoApp.Domain\TodoApp.Domain.csproj", "{D754488E-B124-4366-94B9-E63A5E9F4BEB}"
EndProject
Project("{FAE04EC0-301F-11D3-BF4B-00C04F79EFBC}") = "TodoApp.Application", "src\TodoApp.Application\TodoApp.Application.csproj", "{69CBE934-106C-4CA4-BEFB-E6BCEE6E3706}"
EndProject
Project("{FAE04EC0-301F-11D3-BF4B-00C04F79EFBC}") = "TodoApp.Infrastructure", "src\TodoApp.Infrastructure\TodoApp.Infrastructure.csproj", "{290B3817-3C9C-4C95-BE42-F87C0E9737DA}"
EndProject
Project("{FAE04EC0-301F-11D3-BF4B-00C04F79EFBC}") = "TodoApp.Api", "src\TodoApp.Api\TodoApp.Api.csproj", "{9F842DEB-3BF9-46F1-A1AE-362FED0590FC}"
EndProject
Project("{FAE04EC0-301F-11D3-BF4B-00C04F79EFBC}") = "TodoApp.Startup", "src\TodoApp.Startup\TodoApp.Startup.csproj", "{DF12AAFF-95D8-4C61-BB74-6A7914373497}"
EndProject
Project("{FAE04EC0-301F-11D3-BF4B-00C04F79EFBC}") = "TodoApp.Infrastructure.PostgreSQL", "src\TodoApp.Infrastructure.PostgreSQL\TodoApp.Infrastructure.PostgreSQL.csproj", "{31431195-267C-4ABA-862F-A636713AB4A4}"
EndProject
Global
	GlobalSection(SolutionConfigurationPlatforms) = preSolution
		Debug|Any CPU = Debug|Any CPU
		Debug|x64 = Debug|x64
		Debug|x86 = Debug|x86
		Release|Any CPU = Release|Any CPU
		Release|x64 = Release|x64
		Release|x86 = Release|x86
	EndGlobalSection
	GlobalSection(ProjectConfigurationPlatforms) = postSolution
		{D754488E-B124-4366-94B9-E63A5E9F4BEB}.Debug|Any CPU.ActiveCfg = Debug|Any CPU
		{D754488E-B124-4366-94B9-E63A5E9F4BEB}.Debug|Any CPU.Build.0 = Debug|Any CPU
		{D754488E-B124-4366-94B9-E63A5E9F4BEB}.Debug|x64.ActiveCfg = Debug|Any CPU
		{D754488E-B124-4366-94B9-E63A5E9F4BEB}.Debug|x64.Build.0 = Debug|Any CPU
		{D754488E-B124-4366-94B9-E63A5E9F4BEB}.Debug|x86.ActiveCfg = Debug|Any CPU
		{D754488E-B124-4366-94B9-E63A5E9F4BEB}.Debug|x86.Build.0 = Debug|Any CPU
		{D754488E-B124-4366-94B9-E63A5E9F4BEB}.Release|Any CPU.ActiveCfg = Release|Any CPU
		{D754488E-B124-4366-94B9-E63A5E9F4BEB}.Release|Any CPU.Build.0 = Release|Any CPU
		{D754488E-B124-4366-94B9-E63A5E9F4BEB}.Release|x64.ActiveCfg = Release|Any CPU
		{D754488E-B124-4366-94B9-E63A5E9F4BEB}.Release|x64.Build.0 = Release|Any CPU
		{D754488E-B124-4366-94B9-E63A5E9F4BEB}.Release|x86.ActiveCfg = Release|Any CPU
		{D754488E-B124-4366-94B9-E63A5E9F4BEB}.Release|x86.Build.0 = Release|Any CPU
		{69CBE934-106C-4CA4-BEFB-E6BCEE6E3706}.Debug|Any CPU.ActiveCfg = Debug|Any CPU
		{69CBE934-106C-4CA4-BEFB-E6BCEE6E3706}.Debug|Any CPU.Build.0 = Debug|Any CPU
		{69CBE934-106C-4CA4-BEFB-E6BCEE6E3706}.Debug|x64.ActiveCfg = Debug|Any CPU
		{69CBE934-106C-4CA4-BEFB-E6BCEE6E3706}.Debug|x64.Build.0 = Debug|Any CPU
		{69CBE934-106C-4CA4-BEFB-E6BCEE6E3706}.Debug|x86.ActiveCfg = Debug|Any CPU
		{69CBE934-106C-4CA4-BEFB-E6BCEE6E3706}.Debug|x86.Build.0 = Debug|Any CPU
		{69CBE934-106C-4CA4-BEFB-E6BCEE6E3706}.Release|Any CPU.ActiveCfg = Release|Any CPU
		{69CBE934-106C-4CA4-BEFB-E6BCEE6E3706}.Release|Any CPU.Build.0 = Release|Any CPU
		{69CBE934-106C-4CA4-BEFB-E6BCEE6E3706}.Release|x64.ActiveCfg = Release|Any CPU
		{69CBE934-106C-4CA4-BEFB-E6BCEE6E3706}.Release|x64.Build.0 = Release|Any CPU
		{69CBE934-106C-4CA4-BEFB-E6BCEE6E3706}.Release|x86.ActiveCfg = Release|Any CPU
		{69CBE934-106C-4CA4-BEFB-E6BCEE6E3706}.Release|x86.Build.0 = Release|Any CPU
		{290B3817-3C9C-4C95-BE42-F87C0E9737DA}.Debug|Any CPU.ActiveCfg = Debug|Any CPU
		{290B3817-3C9C-4C95-BE42-F87C0E9737DA}.Debug|Any CPU.Build.0 = Debug|Any CPU
		{290B3817-3C9C-4C95-BE42-F87C0E9737DA}.Debug|x64.ActiveCfg = Debug|Any CPU
		{290B3817-3C9C-4C95-BE42-F87C0E9737DA}.Debug|x64.Build.0 = Debug|Any CPU
		{290B3817-3C9C-4C95-BE42-F87C0E9737DA}.Debug|x86.ActiveCfg = Debug|Any CPU
		{290B3817-3C9C-4C95-BE42-F87C0E9737DA}.Debug|x86.Build.0 = Debug|Any CPU
		{290B3817-3C9C-4C95-BE42-F87C0E9737DA}.Release|Any CPU.ActiveCfg = Release|Any CPU
		{290B3817-3C9C-4C95-BE42-F87C0E9737DA}.Release|Any CPU.Build.0 = Release|Any CPU
		{290B3817-3C9C-4C95-BE42-F87C0E9737DA}.Release|x64.ActiveCfg = Release|Any CPU
		{290B3817-3C9C-4C95-BE42-F87C0E9737DA}.Release|x64.Build.0 = Release|Any CPU
		{290B3817-3C9C-4C95-BE42-F87C0E9737DA}.Release|x86.ActiveCfg = Release|Any CPU
		{290B3817-3C9C-4C95-BE42-F87C0E9737DA}.Release|x86.Build.0 = Release|Any CPU
		{9F842DEB-3BF9-46F1-A1AE-362FED0590FC}.Debug|Any CPU.ActiveCfg = Debug|Any CPU
		{9F842DEB-3BF9-46F1-A1AE-362FED0590FC}.Debug|Any CPU.Build.0 = Debug|Any CPU
		{9F842DEB-3BF9-46F1-A1AE-362FED0590FC}.Debug|x64.ActiveCfg = Debug|Any CPU
		{9F842DEB-3BF9-46F1-A1AE-362FED0590FC}.Debug|x64.Build.0 = Debug|Any CPU
		{9F842DEB-3BF9-46F1-A1AE-362FED0590FC}.Debug|x86.ActiveCfg = Debug|Any CPU
		{9F842DEB-3BF9-46F1-A1AE-362FED0590FC}.Debug|x86.Build.0 = Debug|Any CPU
		{9F842DEB-3BF9-46F1-A1AE-362FED0590FC}.Release|Any CPU.ActiveCfg = Release|Any CPU
		{9F842DEB-3BF9-46F1-A1AE-362FED0590FC}.Release|Any CPU.Build.0 = Release|Any CPU
		{9F842DEB-3BF9-46F1-A1AE-362FED0590FC}.Release|x64.ActiveCfg = Release|Any CPU
		{9F842DEB-3BF9-46F1-A1AE-362FED0590FC}.Release|x64.Build.0 = Release|Any CPU
		{9F842DEB-3BF9-46F1-A1AE-362FED0590FC}.Release|x86.ActiveCfg = Release|Any CPU
		{9F842DEB-3BF9-46F1-A1AE-362FED0590FC}.Release|x86.Build.0 = Release|Any CPU
		{DF12AAFF-95D8-4C61-BB74-6A7914373497}.Debug|Any CPU.ActiveCfg = Debug|Any CPU
		{DF12AAFF-95D8-4C61-BB74-6A7914373497}.Debug|Any CPU.Build.0 = Debug|Any CPU
		{DF12AAFF-95D8-4C61-BB74-6A7914373497}.Debug|x64.ActiveCfg = Debug|Any CPU
		{DF12AAFF-95D8-4C61-BB74-6A7914373497}.Debug|x64.Build.0 = Debug|Any CPU
		{DF12AAFF-95D8-4C61-BB74-6A7914373497}.Debug|x86.ActiveCfg = Debug|Any CPU
		{DF12AAFF-95D8-4C61-BB74-6A7914373497}.Debug|x86.Build.0 = Debug|Any CPU
		{DF12AAFF-95D8-4C61-BB74-6A7914373497}.Release|Any CPU.ActiveCfg = Release|Any CPU
		{DF12AAFF-95D8-4C61-BB74-6A7914373497}.Release|Any CPU.Build.0 = Release|Any CPU
		{DF12AAFF-95D8-4C61-BB74-6A7914373497}.Release|x64.ActiveCfg = Release|Any CPU
		{DF12AAFF-95D8-4C61-BB74-6A7914373497}.Release|x64.Build.0 = Release|Any CPU
		{DF12AAFF-95D8-4C61-BB74-6A7914373497}.Release|x86.ActiveCfg = Release|Any CPU
		{DF12AAFF-95D8-4C61-BB74-6A7914373497}.Release|x86.Build.0 = Release|Any CPU
		{31431195-267C-4ABA-862F-A636713AB4A4}.Debug|Any CPU.ActiveCfg = Debug|Any CPU
		{31431195-267C-4ABA-862F-A636713AB4A4}.Debug|Any CPU.Build.0 = Debug|Any CPU
		{31431195-267C-4ABA-862F-A636713AB4A4}.Debug|x64.ActiveCfg = Debug|Any CPU
		{31431195-267C-4ABA-862F-A636713AB4A4}.Debug|x64.Build.0 = Debug|Any CPU
		{31431195-267C-4ABA-862F-A636713AB4A4}.Debug|x86.ActiveCfg = Debug|Any CPU
		{31431195-267C-4ABA-862F-A636713AB4A4}.Debug|x86.Build.0 = Debug|Any CPU
		{31431195-267C-4ABA-862F-A636713AB4A4}.Release|Any CPU.ActiveCfg = Release|Any CPU
		{31431195-267C-4ABA-862F-A636713AB4A4}.Release|Any CPU.Build.0 = Release|Any CPU
		{31431195-267C-4ABA-862F-A636713AB4A4}.Release|x64.ActiveCfg = Release|Any CPU
		{31431195-267C-4ABA-862F-A636713AB4A4}.Release|x64.Build.0 = Release|Any CPU
		{31431195-267C-4ABA-862F-A636713AB4A4}.Release|x86.ActiveCfg = Release|Any CPU
		{31431195-267C-4ABA-862F-A636713AB4A4}.Release|x86.Build.0 = Release|Any CPU
	EndGlobalSection
	GlobalSection(SolutionProperties) = preSolution
		HideSolutionNode = FALSE
	EndGlobalSection
	GlobalSection(NestedProjects) = preSolution
		{D754488E-B124-4366-94B9-E63A5E9F4BEB} = {827E0CD3-B72D-47B6-A68D-7590B98EB39B}
		{69CBE934-106C-4CA4-BEFB-E6BCEE6E3706} = {827E0CD3-B72D-47B6-A68D-7590B98EB39B}
		{290B3817-3C9C-4C95-BE42-F87C0E9737DA} = {827E0CD3-B72D-47B6-A68D-7590B98EB39B}
		{9F842DEB-3BF9-46F1-A1AE-362FED0590FC} = {827E0CD3-B72D-47B6-A68D-7590B98EB39B}
		{DF12AAFF-95D8-4C61-BB74-6A7914373497} = {827E0CD3-B72D-47B6-A68D-7590B98EB39B}
		{31431195-267C-4ABA-862F-A636713AB4A4} = {827E0CD3-B72D-47B6-A68D-7590B98EB39B}
	EndGlobalSection
EndGlobal
